
Microsoft Visual Studio Solution File, Format Version 12.00
# Visual Studio Version 17
VisualStudioVersion = 17.1.32421.90
MinimumVisualStudioVersion = 10.0.40219.1
Project("{9A19103F-16F7-4668-BE54-9A1E7A4F7556}") = "Q3", "Q3\Q3.csproj", "{5F0FCB7E-63D9-4A4B-9479-AD7C451B286D}"
EndProject
Project("{9A19103F-16F7-4668-BE54-9A1E7A4F7556}") = "Q3Editor", "Q3Editor\Q3Editor.csproj", "{20A3D3A3-3E92-4872-8A68-B2D07AA741C6}"
EndProject
Project("{9A19103F-16F7-4668-BE54-9A1E7A4F7556}") = "QSamplerExplorer", "QSamplerExplorer\QSamplerExplorer.csproj", "{3A3D07B3-29CD-4954-9085-D1EA5A9C909C}"
EndProject
Project("{2150E333-8FDC-42A3-9474-1A3956D46DE8}") = "Engine", "Engine", "{10AFB5CE-9E1F-4269-915A-7875FEA6627A}"
EndProject
Project("{2150E333-8FDC-42A3-9474-1A3956D46DE8}") = "Tools", "Tools", "{48AD7E00-211B-4F6A-B588-C17F8ED96B0A}"
EndProject
Project("{2150E333-8FDC-42A3-9474-1A3956D46DE8}") = "Samples", "Samples", "{EE17B7F9-0001-4E85-94C6-B9C89D5A120E}"
EndProject
Project("{9A19103F-16F7-4668-BE54-9A1E7A4F7556}") = "SampleBase", "SampleBase\SampleBase.csproj", "{C57D5B21-B906-44DE-8531-E93B2E8F1396}"
EndProject
Project("{2150E333-8FDC-42A3-9474-1A3956D46DE8}") = "Samples", "Samples", "{9E8692B3-9953-4B45-AAE9-44D6FB5D5624}"
EndProject
Project("{9A19103F-16F7-4668-BE54-9A1E7A4F7556}") = "SampleSimple1", "Samples\SampleSimple1\SampleSimple1.csproj", "{0706025C-5B1B-4BFC-94A5-E2C89A9BF0AC}"
EndProject
Project("{9A19103F-16F7-4668-BE54-9A1E7A4F7556}") = "Test3D", "Test3D\Test3D.csproj", "{88EB70C8-E24C-453E-8C1C-95B9C8B4F08F}"
EndProject
Global
	GlobalSection(SolutionConfigurationPlatforms) = preSolution
		Debug|Any CPU = Debug|Any CPU
		Debug|x64 = Debug|x64
		Release|Any CPU = Release|Any CPU
		Release|x64 = Release|x64
	EndGlobalSection
	GlobalSection(ProjectConfigurationPlatforms) = postSolution
		{5F0FCB7E-63D9-4A4B-9479-AD7C451B286D}.Debug|Any CPU.ActiveCfg = Debug|Any CPU
		{5F0FCB7E-63D9-4A4B-9479-AD7C451B286D}.Debug|Any CPU.Build.0 = Debug|Any CPU
		{5F0FCB7E-63D9-4A4B-9479-AD7C451B286D}.Debug|x64.ActiveCfg = Debug|x64
		{5F0FCB7E-63D9-4A4B-9479-AD7C451B286D}.Debug|x64.Build.0 = Debug|x64
		{5F0FCB7E-63D9-4A4B-9479-AD7C451B286D}.Release|Any CPU.ActiveCfg = Release|Any CPU
		{5F0FCB7E-63D9-4A4B-9479-AD7C451B286D}.Release|Any CPU.Build.0 = Release|Any CPU
		{5F0FCB7E-63D9-4A4B-9479-AD7C451B286D}.Release|x64.ActiveCfg = Release|x64
		{5F0FCB7E-63D9-4A4B-9479-AD7C451B286D}.Release|x64.Build.0 = Release|x64
		{20A3D3A3-3E92-4872-8A68-B2D07AA741C6}.Debug|Any CPU.ActiveCfg = Debug|Any CPU
		{20A3D3A3-3E92-4872-8A68-B2D07AA741C6}.Debug|Any CPU.Build.0 = Debug|Any CPU
		{20A3D3A3-3E92-4872-8A68-B2D07AA741C6}.Debug|x64.ActiveCfg = Debug|x64
		{20A3D3A3-3E92-4872-8A68-B2D07AA741C6}.Debug|x64.Build.0 = Debug|x64
		{20A3D3A3-3E92-4872-8A68-B2D07AA741C6}.Release|Any CPU.ActiveCfg = Release|Any CPU
		{20A3D3A3-3E92-4872-8A68-B2D07AA741C6}.Release|Any CPU.Build.0 = Release|Any CPU
		{20A3D3A3-3E92-4872-8A68-B2D07AA741C6}.Release|x64.ActiveCfg = Release|Any CPU
		{20A3D3A3-3E92-4872-8A68-B2D07AA741C6}.Release|x64.Build.0 = Release|Any CPU
		{3A3D07B3-29CD-4954-9085-D1EA5A9C909C}.Debug|Any CPU.ActiveCfg = Debug|Any CPU
		{3A3D07B3-29CD-4954-9085-D1EA5A9C909C}.Debug|Any CPU.Build.0 = Debug|Any CPU
		{3A3D07B3-29CD-4954-9085-D1EA5A9C909C}.Debug|x64.ActiveCfg = Debug|Any CPU
		{3A3D07B3-29CD-4954-9085-D1EA5A9C909C}.Debug|x64.Build.0 = Debug|Any CPU
		{3A3D07B3-29CD-4954-9085-D1EA5A9C909C}.Release|Any CPU.ActiveCfg = Release|Any CPU
		{3A3D07B3-29CD-4954-9085-D1EA5A9C909C}.Release|Any CPU.Build.0 = Release|Any CPU
		{3A3D07B3-29CD-4954-9085-D1EA5A9C909C}.Release|x64.ActiveCfg = Release|Any CPU
		{3A3D07B3-29CD-4954-9085-D1EA5A9C909C}.Release|x64.Build.0 = Release|Any CPU
		{C57D5B21-B906-44DE-8531-E93B2E8F1396}.Debug|Any CPU.ActiveCfg = Debug|Any CPU
		{C57D5B21-B906-44DE-8531-E93B2E8F1396}.Debug|Any CPU.Build.0 = Debug|Any CPU
		{C57D5B21-B906-44DE-8531-E93B2E8F1396}.Debug|x64.ActiveCfg = Debug|Any CPU
		{C57D5B21-B906-44DE-8531-E93B2E8F1396}.Debug|x64.Build.0 = Debug|Any CPU
		{C57D5B21-B906-44DE-8531-E93B2E8F1396}.Release|Any CPU.ActiveCfg = Release|Any CPU
		{C57D5B21-B906-44DE-8531-E93B2E8F1396}.Release|Any CPU.Build.0 = Release|Any CPU
		{C57D5B21-B906-44DE-8531-E93B2E8F1396}.Release|x64.ActiveCfg = Release|Any CPU
		{C57D5B21-B906-44DE-8531-E93B2E8F1396}.Release|x64.Build.0 = Release|Any CPU
		{0706025C-5B1B-4BFC-94A5-E2C89A9BF0AC}.Debug|Any CPU.ActiveCfg = Debug|Any CPU
		{0706025C-5B1B-4BFC-94A5-E2C89A9BF0AC}.Debug|Any CPU.Build.0 = Debug|Any CPU
		{0706025C-5B1B-4BFC-94A5-E2C89A9BF0AC}.Debug|x64.ActiveCfg = Debug|Any CPU
		{0706025C-5B1B-4BFC-94A5-E2C89A9BF0AC}.Debug|x64.Build.0 = Debug|Any CPU
		{0706025C-5B1B-4BFC-94A5-E2C89A9BF0AC}.Release|Any CPU.ActiveCfg = Release|Any CPU
		{0706025C-5B1B-4BFC-94A5-E2C89A9BF0AC}.Release|Any CPU.Build.0 = Release|Any CPU
		{0706025C-5B1B-4BFC-94A5-E2C89A9BF0AC}.Release|x64.ActiveCfg = Release|Any CPU
		{0706025C-5B1B-4BFC-94A5-E2C89A9BF0AC}.Release|x64.Build.0 = Release|Any CPU
		{88EB70C8-E24C-453E-8C1C-95B9C8B4F08F}.Debug|Any CPU.ActiveCfg = Debug|Any CPU
		{88EB70C8-E24C-453E-8C1C-95B9C8B4F08F}.Debug|Any CPU.Build.0 = Debug|Any CPU
		{88EB70C8-E24C-453E-8C1C-95B9C8B4F08F}.Debug|x64.ActiveCfg = Debug|x64
		{88EB70C8-E24C-453E-8C1C-95B9C8B4F08F}.Debug|x64.Build.0 = Debug|x64
		{88EB70C8-E24C-453E-8C1C-95B9C8B4F08F}.Release|Any CPU.ActiveCfg = Release|Any CPU
		{88EB70C8-E24C-453E-8C1C-95B9C8B4F08F}.Release|Any CPU.Build.0 = Release|Any CPU
		{88EB70C8-E24C-453E-8C1C-95B9C8B4F08F}.Release|x64.ActiveCfg = Release|x64
		{88EB70C8-E24C-453E-8C1C-95B9C8B4F08F}.Release|x64.Build.0 = Release|x64
	EndGlobalSection
	GlobalSection(SolutionProperties) = preSolution
		HideSolutionNode = FALSE
	EndGlobalSection
	GlobalSection(NestedProjects) = preSolution
		{5F0FCB7E-63D9-4A4B-9479-AD7C451B286D} = {10AFB5CE-9E1F-4269-915A-7875FEA6627A}
		{20A3D3A3-3E92-4872-8A68-B2D07AA741C6} = {48AD7E00-211B-4F6A-B588-C17F8ED96B0A}
		{3A3D07B3-29CD-4954-9085-D1EA5A9C909C} = {EE17B7F9-0001-4E85-94C6-B9C89D5A120E}
		{C57D5B21-B906-44DE-8531-E93B2E8F1396} = {EE17B7F9-0001-4E85-94C6-B9C89D5A120E}
		{9E8692B3-9953-4B45-AAE9-44D6FB5D5624} = {EE17B7F9-0001-4E85-94C6-B9C89D5A120E}
		{0706025C-5B1B-4BFC-94A5-E2C89A9BF0AC} = {9E8692B3-9953-4B45-AAE9-44D6FB5D5624}
	EndGlobalSection
	GlobalSection(ExtensibilityGlobals) = postSolution
		SolutionGuid = {5B33164B-7027-4C11-8438-3704F14996CB}
	EndGlobalSection
EndGlobal
